
Microsoft Visual Studio Solution File, Format Version 12.00
# Visual Studio Version 16
VisualStudioVersion = 16.0.29509.3
MinimumVisualStudioVersion = 10.0.40219.1
Project("{FAE04EC0-301F-11D3-BF4B-00C04F79EFBC}") = "StackTrace", "StackTrace\StackTrace.csproj", "{7B9475A8-3DB0-4655-BF45-DD283F8F6968}"
EndProject
Global
	GlobalSection(SolutionConfigurationPlatforms) = preSolution
		Debug|Any CPU = Debug|Any CPU
		Release|Any CPU = Release|Any CPU
	EndGlobalSection
	GlobalSection(ProjectConfigurationPlatforms) = postSolution
		{7B9475A8-3DB0-4655-BF45-DD283F8F6968}.Debug|Any CPU.ActiveCfg = Debug|Any CPU
		{7B9475A8-3DB0-4655-BF45-DD283F8F6968}.Debug|Any CPU.Build.0 = Debug|Any CPU
		{7B9475A8-3DB0-4655-BF45-DD283F8F6968}.Release|Any CPU.ActiveCfg = Release|Any CPU
		{7B9475A8-3DB0-4655-BF45-DD283F8F6968}.Release|Any CPU.Build.0 = Release|Any CPU
	EndGlobalSection
	GlobalSection(SolutionProperties) = preSolution
		HideSolutionNode = FALSE
	EndGlobalSection
	GlobalSection(ExtensibilityGlobals) = postSolution
		SolutionGuid = {F7473124-0B28-4479-AF39-77F740A6B633}
	EndGlobalSection
EndGlobal
